
Microsoft Visual Studio Solution File, Format Version 12.00
# Visual Studio Version 16
VisualStudioVersion = 16.0.29123.88
MinimumVisualStudioVersion = 10.0.40219.1
Project("{FAE04EC0-301F-11D3-BF4B-00C04F79EFBC}") = "Cw1", "Cw1.csproj", "{53C80F57-C221-403D-B263-B7011382D16F}"
EndProject
Global
	GlobalSection(SolutionConfigurationPlatforms) = preSolution
		Debug|Any CPU = Debug|Any CPU
		Release|Any CPU = Release|Any CPU
	EndGlobalSection
	GlobalSection(ProjectConfigurationPlatforms) = postSolution
		{53C80F57-C221-403D-B263-B7011382D16F}.Debug|Any CPU.ActiveCfg = Debug|Any CPU
		{53C80F57-C221-403D-B263-B7011382D16F}.Debug|Any CPU.Build.0 = Debug|Any CPU
		{53C80F57-C221-403D-B263-B7011382D16F}.Release|Any CPU.ActiveCfg = Release|Any CPU
		{53C80F57-C221-403D-B263-B7011382D16F}.Release|Any CPU.Build.0 = Release|Any CPU
	EndGlobalSection
	GlobalSection(SolutionProperties) = preSolution
		HideSolutionNode = FALSE
	EndGlobalSection
	GlobalSection(ExtensibilityGlobals) = postSolution
		SolutionGuid = {1690ADD6-AEAD-43CF-841B-8D73689178AB}
	EndGlobalSection
EndGlobal
